lockfileVersion: '9.0'

settings:
  autoInstallPeers: true
  excludeLinksFromLockfile: false

importers:

  .:
    devDependencies:
      tailwindcss:
        specifier: 4.0.0-beta.1
        version: 4.0.0-beta.1

  packages/design-system:
    dependencies:
      plugin-js:
        specifier: workspace:*
        version: link:../plugin-js

  packages/plugin-js: {}

  site:
    devDependencies:
      '@tailwindcss/postcss':
        specifier: 4.0.0-beta.1
        version: 4.0.0-beta.1
      design-system:
        specifier: workspace:*
        version: link:../packages/design-system
      postcss:
        specifier: ^8.4.49
        version: 8.4.49

packages:

  '@alloc/quick-lru@5.2.0':
    resolution: {integrity: sha512-UrcABB+4bUrFABwbluTIBErXwvbsU/V7TZWfmbgJfbkwiBuziS9gxdODUyuiecfdGQ85jglMW6juS3+z5TsKLw==}
    engines: {node: '>=10'}

  '@tailwindcss/node@4.0.0-beta.1':
    resolution: {integrity: sha512-AC06Y7qvJgmWujCkhbiqw6jjJuv7YLsiJPme1Ojt34/E0mEeSfqoYWy+vSHMerWsYUH0abB5WbFl0Go1hGIjhg==}

  '@tailwindcss/oxide-android-arm64@4.0.0-beta.1':
    resolution: {integrity: sha512-Wbmk4zLAHRupYip1Y8bL4pM4ra5W9lGmUjRNwxQI99Y5sV5Alg4WA0d3EjStFHc0J5aHNr0GhIQGrVMUbwbiow==}
    engines: {node: '>= 10'}
    cpu: [arm64]
    os: [android]

  '@tailwindcss/oxide-darwin-arm64@4.0.0-beta.1':
    resolution: {integrity: sha512-vCFYA7zIX55pJ4WTQx8p2g5rNtQzExObP6cQ6UCqAARhFJOS7oSUQM9lqieyBwtnQhnNaNbK4Ijak9JJ6RtjmA==}
    engines: {node: '>= 10'}
    cpu: [arm64]
    os: [darwin]

  '@tailwindcss/oxide-darwin-x64@4.0.0-beta.1':
    resolution: {integrity: sha512-bhCxV2bI2H2bddodbCSqsmUmqcH27gm1sStBXhikj31l0+dhj5JpFn5Ac05vrc2ZOviYaMGKl4o8P1QcaZrc8g==}
    engines: {node: '>= 10'}
    cpu: [x64]
    os: [darwin]

  '@tailwindcss/oxide-freebsd-x64@4.0.0-beta.1':
    resolution: {integrity: sha512-dZoqFXOuDuBWIklCNbEG5ZOe7ISU0UgI1e0Vj4MoreGi+TzNYmQ30AFoS48GnbSPXSlFvRGUAqDYeynkz03j+g==}
    engines: {node: '>= 10'}
    cpu: [x64]
    os: [freebsd]

  '@tailwindcss/oxide-linux-arm-gnueabihf@4.0.0-beta.1':
    resolution: {integrity: sha512-wZ581r0bihhcNTEe46jWc/BrFQbiIk8VcYLiLc5Lkp7f1oRP8cAu5zioLA0SmNI6GPs0T4bW3arU+HfkZQbcpQ==}
    engines: {node: '>= 10'}
    cpu: [arm]
    os: [linux]

  '@tailwindcss/oxide-linux-arm64-gnu@4.0.0-beta.1':
    resolution: {integrity: sha512-yIiLaUaNxmcjzcKsyl3NiBrkhXQQ8JZPOpgHz69bx7R5AUf2n6k6nhaBOnnkUeyagFE1KW9CbwiXU/O6LV7w3w==}
    engines: {node: '>= 10'}
    cpu: [arm64]
    os: [linux]

  '@tailwindcss/oxide-linux-arm64-musl@4.0.0-beta.1':
    resolution: {integrity: sha512-yOSYdz2SAcOZuuE+7Q3hdfOG+choEBFVAq1/D8ARjD784Yx0iV+rRvVq62tZEa1hKIHQWmXebZ/fOMmMsoAbKw==}
    engines: {node: '>= 10'}
    cpu: [arm64]
    os: [linux]

  '@tailwindcss/oxide-linux-x64-gnu@4.0.0-beta.1':
    resolution: {integrity: sha512-3vW9ykpppPEctih/jc5VEigGGW0zJPW1pgEHPd9l7s5u5JRqAbHcFMoVebQtTiUiqLprhCyrcIfjxlllxPTkyQ==}
    engines: {node: '>= 10'}
    cpu: [x64]
    os: [linux]

  '@tailwindcss/oxide-linux-x64-musl@4.0.0-beta.1':
    resolution: {integrity: sha512-GRwyuahNxY/EcgrrH/37P1sjFjA1NIH9q8pChfQEPiD0P3LKEAw6jgf2JPE9/4mNpOX32DAl4uD0ByrumhPtlQ==}
    engines: {node: '>= 10'}
    cpu: [x64]
    os: [linux]

  '@tailwindcss/oxide-win32-arm64-msvc@4.0.0-beta.1':
    resolution: {integrity: sha512-OdcL9PqV2vkk+QWnERL/8IIy+3IbNqYOCFnZhNMeYSO361L+nfDOjR/E7RS0UaZVWrRjWXohBG1oCH9upg5lBg==}
    engines: {node: '>= 10'}
    cpu: [arm64]
    os: [win32]

  '@tailwindcss/oxide-win32-x64-msvc@4.0.0-beta.1':
    resolution: {integrity: sha512-fbqZjbw9CtfhK8ADoZf66lHbRQvOMRX+EcURQUtpMtpYQsv+NKx41zOaYi0ivTTJhr3jmX8xyx3KDVOBMI6fBw==}
    engines: {node: '>= 10'}
    cpu: [x64]
    os: [win32]

  '@tailwindcss/oxide@4.0.0-beta.1':
    resolution: {integrity: sha512-MnnV7WKj5rd+AcPybDkLngtZJUvXrC8368NKkzMpqnTR1DgM3NJ+Kz/mtW8hEtr2ScpQ8WDUTPdtMcEg+iKuBA==}
    engines: {node: '>= 10'}

  '@tailwindcss/postcss@4.0.0-beta.1':
    resolution: {integrity: sha512-1ZdgGDt9s2vogYc0oSQGekx3SNcXlHg/JLFYQcRTlpEiISqSMNWxfvMWgp9oau9dcXV+7JL16jb6Q4sAdT3Mmw==}

  detect-libc@1.0.3:
    resolution: {integrity: sha512-pGjwhsmsp4kL2RTz08wcOlGN83otlqHeD/Z5T8GXZB+/YcpQ/dgo+lbU8ZsGxV0HIvqqxo9l7mqYwyYMD9bKDg==}
    engines: {node: '>=0.10'}
    hasBin: true

  enhanced-resolve@5.17.1:
    resolution: {integrity: sha512-LMHl3dXhTcfv8gM4kEzIUeTQ+7fpdA0l2tUf34BddXPkz2A5xJ5L/Pchd5BL6rdccM9QGvu0sWZzK1Z1t4wwyg==}
    engines: {node: '>=10.13.0'}

  graceful-fs@4.2.11:
    resolution: {integrity: sha512-RbJ5/jmFcNNCcDV5o9eTnBLJ/HszWV0P73bc+Ff4nS/rJj+YaS6IGyiOL0VoBYX+l1Wrl3k63h/KrH+nhJ0XvQ==}

  jiti@2.4.0:
    resolution: {integrity: sha512-H5UpaUI+aHOqZXlYOaFP/8AzKsg+guWu+Pr3Y8i7+Y3zr1aXAvCvTAQ1RxSc6oVD8R8c7brgNtTVP91E7upH/g==}
    hasBin: true

  lightningcss-darwin-arm64@1.28.1:
    resolution: {integrity: sha512-VG3vvzM0m/rguCdm76DdobNeNJnHK+jWcdkNLFWHLh9YCotRvbRIt45JxwcHlIF8TDqWStVLTdghq5NaigVCBQ==}
    engines: {node: '>= 12.0.0'}
    cpu: [arm64]
    os: [darwin]

  lightningcss-darwin-x64@1.28.1:
    resolution: {integrity: sha512-O7ORdislvKfMohFl4Iq7fxKqdJOuuxArcglVI3amuFO5DJ0wfV3Gxgi1JRo49slfr7OVzJQEHLG4muTWYM5cTQ==}
    engines: {node: '>= 12.0.0'}
    cpu: [x64]
    os: [darwin]

  lightningcss-freebsd-x64@1.28.1:
    resolution: {integrity: sha512-b7sF89B31kYYijxVcFO7l5u6UNA862YstNu+3YbLl/IQKzveL4a5cwR5cdpG+OOhErg/c2u9WCmzZoX2I5GBvw==}
    engines: {node: '>= 12.0.0'}
    cpu: [x64]
    os: [freebsd]

  lightningcss-linux-arm-gnueabihf@1.28.1:
    resolution: {integrity: sha512-p61kXwvhUDLLzkWHjzSFfUBW/F0iy3jr3CWi3k8SKULtJEsJXTI9DqRm9EixxMSe2AMBQBt4auTYiQL4B1N51A==}
    engines: {node: '>= 12.0.0'}
    cpu: [arm]
    os: [linux]

  lightningcss-linux-arm64-gnu@1.28.1:
    resolution: {integrity: sha512-iO+fN9hOMmzfwqcG2/BgUtMKD48H2JO/SXU44fyIwpY2veb65QF5xiRrQ9l1FwIxbGK3231KBYCtAqv+xf+NsQ==}
    engines: {node: '>= 12.0.0'}
    cpu: [arm64]
    os: [linux]

  lightningcss-linux-arm64-musl@1.28.1:
    resolution: {integrity: sha512-dnMHeXEmCUzHHZjaDpQBYuBKcN9nPC3nPFKl70bcj5Bkn5EmkcgEqm5p035LKOgvAwk1XwLpQCML6pXmCwz0NQ==}
    engines: {node: '>= 12.0.0'}
    cpu: [arm64]
    os: [linux]

  lightningcss-linux-x64-gnu@1.28.1:
    resolution: {integrity: sha512-7vWDISaMUn+oo2TwRdf2hl/BLdPxvywv9JKEqNZB/0K7bXwV4XE9wN/C2sAp1gGuh6QBA8lpjF4JIPt3HNlCHA==}
    engines: {node: '>= 12.0.0'}
    cpu: [x64]
    os: [linux]

  lightningcss-linux-x64-musl@1.28.1:
    resolution: {integrity: sha512-IHCu9tVGP+x5BCpA2rF3D04DBokcBza/a8AuHQU+1AiMKubuMegPwcL7RatBgK4ztFHeYnnD5NdhwhRfYMAtNA==}
    engines: {node: '>= 12.0.0'}
    cpu: [x64]
    os: [linux]

  lightningcss-win32-arm64-msvc@1.28.1:
    resolution: {integrity: sha512-Erm72kHmMg/3h350PTseskz+eEGBM17Fuu79WW2Qqt0BfWSF1jHHc12lkJCWMYl5jcBHPs5yZdgNHtJ7IJS3Uw==}
    engines: {node: '>= 12.0.0'}
    cpu: [arm64]
    os: [win32]

  lightningcss-win32-x64-msvc@1.28.1:
    resolution: {integrity: sha512-ZPQtvx+uQBzrSdHH8p4H3M9Alue+x369TPZAA3b4K3d92FPhpZCuBG04+HQzspam9sVeID9mI6f3VRAs2ezaEA==}
    engines: {node: '>= 12.0.0'}
    cpu: [x64]
    os: [win32]

  lightningcss@1.28.1:
    resolution: {integrity: sha512-KRDkHlLlNj3DWh79CDt93fPlRJh2W1AuHV0ZSZAMMuN7lqlsZTV5842idfS1urWG8q9tc17velp1gCXhY7sLnQ==}
    engines: {node: '>= 12.0.0'}

  nanoid@3.3.7:
    resolution: {integrity: sha512-eSRppjcPIatRIMC1U6UngP8XFcz8MQWGQdt1MTBQ7NaAmvXDfvNxbvWV3x2y6CdEUciCSsDHDQZbhYaB8QEo2g==}
    engines: {node: ^10 || ^12 || ^13.7 || ^14 || >=15.0.1}
    hasBin: true

  picocolors@1.1.1:
    resolution: {integrity: sha512-xceH2snhtb5M9liqDsmEw56le376mTZkEX/jEb/RxNFyegNul7eNslCXP9FDj/Lcu0X8KEyMceP2ntpaHrDEVA==}

  postcss@8.4.49:
    resolution: {integrity: sha512-OCVPnIObs4N29kxTjzLfUryOkvZEq+pf8jTF0lg8E7uETuWHA+v7j3c/xJmiqpX450191LlmZfUKkXxkTry7nA==}
    engines: {node: ^10 || ^12 || >=14}

  source-map-js@1.2.1:
    resolution: {integrity: sha512-UXWMKhLOwVKb728IUtQPXxfYU+usdybtUrK/8uGE8CQMvrhOpwvzDBwj0QhSL7MQc7vIsISBG8VQ8+IDQxpfQA==}
    engines: {node: '>=0.10.0'}

  tailwindcss@4.0.0-beta.1:
    resolution: {integrity: sha512-Pnj2oLtAiNgnd+eHfW4RFuG8EIklYF1FModYFtr6bXrgLoZndePW5jX17Zwyo7Oeq+0dXTekjjMr5IRnQHgCXg==}

  tapable@2.2.1:
    resolution: {integrity: sha512-GNzQvQTOIP6RyTfE2Qxb8ZVlNmw0n88vp1szwWRimP02mnTsx3Wtn5qRdqY9w2XduFNUgvOwhNnQsjwCp+kqaQ==}
    engines: {node: '>=6'}

snapshots:

  '@alloc/quick-lru@5.2.0': {}

  '@tailwindcss/node@4.0.0-beta.1':
    dependencies:
      enhanced-resolve: 5.17.1
      jiti: 2.4.0
      tailwindcss: 4.0.0-beta.1

  '@tailwindcss/oxide-android-arm64@4.0.0-beta.1':
    optional: true

  '@tailwindcss/oxide-darwin-arm64@4.0.0-beta.1':
    optional: true

  '@tailwindcss/oxide-darwin-x64@4.0.0-beta.1':
    optional: true

  '@tailwindcss/oxide-freebsd-x64@4.0.0-beta.1':
    optional: true

  '@tailwindcss/oxide-linux-arm-gnueabihf@4.0.0-beta.1':
    optional: true

  '@tailwindcss/oxide-linux-arm64-gnu@4.0.0-beta.1':
    optional: true

  '@tailwindcss/oxide-linux-arm64-musl@4.0.0-beta.1':
    optional: true

  '@tailwindcss/oxide-linux-x64-gnu@4.0.0-beta.1':
    optional: true

  '@tailwindcss/oxide-linux-x64-musl@4.0.0-beta.1':
    optional: true

  '@tailwindcss/oxide-win32-arm64-msvc@4.0.0-beta.1':
    optional: true

  '@tailwindcss/oxide-win32-x64-msvc@4.0.0-beta.1':
    optional: true

  '@tailwindcss/oxide@4.0.0-beta.1':
    optionalDependencies:
      '@tailwindcss/oxide-android-arm64': 4.0.0-beta.1
      '@tailwindcss/oxide-darwin-arm64': 4.0.0-beta.1
      '@tailwindcss/oxide-darwin-x64': 4.0.0-beta.1
      '@tailwindcss/oxide-freebsd-x64': 4.0.0-beta.1
      '@tailwindcss/oxide-linux-arm-gnueabihf': 4.0.0-beta.1
      '@tailwindcss/oxide-linux-arm64-gnu': 4.0.0-beta.1
      '@tailwindcss/oxide-linux-arm64-musl': 4.0.0-beta.1
      '@tailwindcss/oxide-linux-x64-gnu': 4.0.0-beta.1
      '@tailwindcss/oxide-linux-x64-musl': 4.0.0-beta.1
      '@tailwindcss/oxide-win32-arm64-msvc': 4.0.0-beta.1
      '@tailwindcss/oxide-win32-x64-msvc': 4.0.0-beta.1

  '@tailwindcss/postcss@4.0.0-beta.1':
    dependencies:
      '@alloc/quick-lru': 5.2.0
      '@tailwindcss/node': 4.0.0-beta.1
      '@tailwindcss/oxide': 4.0.0-beta.1
      lightningcss: 1.28.1
      postcss: 8.4.49
      tailwindcss: 4.0.0-beta.1

  detect-libc@1.0.3: {}

  enhanced-resolve@5.17.1:
    dependencies:
      graceful-fs: 4.2.11
      tapable: 2.2.1

  graceful-fs@4.2.11: {}

  jiti@2.4.0: {}

  lightningcss-darwin-arm64@1.28.1:
    optional: true

  lightningcss-darwin-x64@1.28.1:
    optional: true

  lightningcss-freebsd-x64@1.28.1:
    optional: true

  lightningcss-linux-arm-gnueabihf@1.28.1:
    optional: true

  lightningcss-linux-arm64-gnu@1.28.1:
    optional: true

  lightningcss-linux-arm64-musl@1.28.1:
    optional: true

  lightningcss-linux-x64-gnu@1.28.1:
    optional: true

  lightningcss-linux-x64-musl@1.28.1:
    optional: true

  lightningcss-win32-arm64-msvc@1.28.1:
    optional: true

  lightningcss-win32-x64-msvc@1.28.1:
    optional: true

  lightningcss@1.28.1:
    dependencies:
      detect-libc: 1.0.3
    optionalDependencies:
      lightningcss-darwin-arm64: 1.28.1
      lightningcss-darwin-x64: 1.28.1
      lightningcss-freebsd-x64: 1.28.1
      lightningcss-linux-arm-gnueabihf: 1.28.1
      lightningcss-linux-arm64-gnu: 1.28.1
      lightningcss-linux-arm64-musl: 1.28.1
      lightningcss-linux-x64-gnu: 1.28.1
      lightningcss-linux-x64-musl: 1.28.1
      lightningcss-win32-arm64-msvc: 1.28.1
      lightningcss-win32-x64-msvc: 1.28.1

  nanoid@3.3.7: {}

  picocolors@1.1.1: {}

  postcss@8.4.49:
    dependencies:
      nanoid: 3.3.7
      picocolors: 1.1.1
      source-map-js: 1.2.1

  source-map-js@1.2.1: {}

  tailwindcss@4.0.0-beta.1: {}

  tapable@2.2.1: {}
