lockfileVersion: '9.0'

settings:
  autoInstallPeers: true
  excludeLinksFromLockfile: false

importers:

  .:
    devDependencies:
      tailwindcss:
        specifier: 4.0.0-beta.1
        version: 4.0.0-beta.1

  packages/design-system:
    dependencies:
      plugin-js:
        specifier: workspace:*
        version: link:../plugin-js

  packages/plugin-js: {}

packages:

  tailwindcss@4.0.0-beta.1:
    resolution: {integrity: sha512-Pnj2oLtAiNgnd+eHfW4RFuG8EIklYF1FModYFtr6bXrgLoZndePW5jX17Zwyo7Oeq+0dXTekjjMr5IRnQHgCXg==}

snapshots:

  tailwindcss@4.0.0-beta.1: {}
